
Microsoft Visual Studio Solution File, Format Version 12.00
# Visual Studio Version 16
VisualStudioVersion = 16.0.29709.97
MinimumVisualStudioVersion = 10.0.40219.1
Project("{8BC9CEB8-8B4A-11D0-8D11-00A0C91BC942}") = "Bezier", "Bezier.c\Bezier.c.vcxproj", "{D0BF067A-D58E-4D89-8FBD-D2CF0138B1EA}"
EndProject
Project("{8BC9CEB8-8B4A-11D0-8D11-00A0C91BC942}") = "Brush", "Brush\Brush.vcxproj", "{C81F4D3A-E410-4077-BB4F-70EE9491D594}"
EndProject
Project("{8BC9CEB8-8B4A-11D0-8D11-00A0C91BC942}") = "Brush2", "Brush2\Brush2.vcxproj", "{16BA17A5-1F1A-4A66-AD68-D7F3E7062EB9}"
EndProject
Project("{8BC9CEB8-8B4A-11D0-8D11-00A0C91BC942}") = "Brush3", "Brush3\Brush3.vcxproj", "{244084C5-CFD6-4D53-A763-488213497555}"
EndProject
Project("{8BC9CEB8-8B4A-11D0-8D11-00A0C91BC942}") = "MyWindows", "MyWindows\MyWindows.vcxproj", "{5E2DF984-6166-4EDB-89C2-6D9D7B47D34A}"
EndProject
Project("{8BC9CEB8-8B4A-11D0-8D11-00A0C91BC942}") = "MyWindows1", "MyWindows1\MyWindows1.vcxproj", "{CB0BA0E2-C7A6-4FF6-8E9F-5999C9EE4D77}"
EndProject
Project("{8BC9CEB8-8B4A-11D0-8D11-00A0C91BC942}") = "MyWindows2", "MyWindows2\MyWindows2.vcxproj", "{1E69FFD1-6AED-43A3-9685-696536958BC4}"
EndProject
Project("{8BC9CEB8-8B4A-11D0-8D11-00A0C91BC942}") = "Pen", "Pen\Pen.vcxproj", "{33DFA4F3-ECCB-428A-954E-43249E413A42}"
EndProject
Project("{8BC9CEB8-8B4A-11D0-8D11-00A0C91BC942}") = "Pen2", "Pen2\Pen2.vcxproj", "{310CA5B0-9F10-4912-96F0-5651D424F001}"
EndProject
Project("{8BC9CEB8-8B4A-11D0-8D11-00A0C91BC942}") = "Shape", "Shape\Shape.vcxproj", "{00670587-C97F-420B-B8B8-714D24A9CF83}"
EndProject
Project("{8BC9CEB8-8B4A-11D0-8D11-00A0C91BC942}") = "sin", "sin\sin.vcxproj", "{06718271-BCE0-49A2-A50F-729CDFCA72E9}"
EndProject
Project("{8BC9CEB8-8B4A-11D0-8D11-00A0C91BC942}") = "SetMapMode", "SetMapMode\SetMapMode.vcxproj", "{9746BC25-4285-4C04-AA3F-FCCAB87C62B3}"
EndProject
Project("{8BC9CEB8-8B4A-11D0-8D11-00A0C91BC942}") = "SetViewportOrgEx", "SetViewportOrgEx\SetViewportOrgEx.vcxproj", "{9032E1F5-8F1A-4561-B0AB-D13FBCC09CB7}"
EndProject
Global
	GlobalSection(SolutionConfigurationPlatforms) = preSolution
		Debug|x64 = Debug|x64
		Debug|x86 = Debug|x86
		Release|x64 = Release|x64
		Release|x86 = Release|x86
	EndGlobalSection
	GlobalSection(ProjectConfigurationPlatforms) = postSolution
		{D0BF067A-D58E-4D89-8FBD-D2CF0138B1EA}.Debug|x64.ActiveCfg = Debug|x64
		{D0BF067A-D58E-4D89-8FBD-D2CF0138B1EA}.Debug|x64.Build.0 = Debug|x64
		{D0BF067A-D58E-4D89-8FBD-D2CF0138B1EA}.Debug|x86.ActiveCfg = Debug|Win32
		{D0BF067A-D58E-4D89-8FBD-D2CF0138B1EA}.Debug|x86.Build.0 = Debug|Win32
		{D0BF067A-D58E-4D89-8FBD-D2CF0138B1EA}.Release|x64.ActiveCfg = Release|x64
		{D0BF067A-D58E-4D89-8FBD-D2CF0138B1EA}.Release|x64.Build.0 = Release|x64
		{D0BF067A-D58E-4D89-8FBD-D2CF0138B1EA}.Release|x86.ActiveCfg = Release|Win32
		{D0BF067A-D58E-4D89-8FBD-D2CF0138B1EA}.Release|x86.Build.0 = Release|Win32
		{C81F4D3A-E410-4077-BB4F-70EE9491D594}.Debug|x64.ActiveCfg = Debug|x64
		{C81F4D3A-E410-4077-BB4F-70EE9491D594}.Debug|x64.Build.0 = Debug|x64
		{C81F4D3A-E410-4077-BB4F-70EE9491D594}.Debug|x86.ActiveCfg = Debug|Win32
		{C81F4D3A-E410-4077-BB4F-70EE9491D594}.Debug|x86.Build.0 = Debug|Win32
		{C81F4D3A-E410-4077-BB4F-70EE9491D594}.Release|x64.ActiveCfg = Release|x64
		{C81F4D3A-E410-4077-BB4F-70EE9491D594}.Release|x64.Build.0 = Release|x64
		{C81F4D3A-E410-4077-BB4F-70EE9491D594}.Release|x86.ActiveCfg = Release|Win32
		{C81F4D3A-E410-4077-BB4F-70EE9491D594}.Release|x86.Build.0 = Release|Win32
		{16BA17A5-1F1A-4A66-AD68-D7F3E7062EB9}.Debug|x64.ActiveCfg = Debug|x64
		{16BA17A5-1F1A-4A66-AD68-D7F3E7062EB9}.Debug|x64.Build.0 = Debug|x64
		{16BA17A5-1F1A-4A66-AD68-D7F3E7062EB9}.Debug|x86.ActiveCfg = Debug|Win32
		{16BA17A5-1F1A-4A66-AD68-D7F3E7062EB9}.Debug|x86.Build.0 = Debug|Win32
		{16BA17A5-1F1A-4A66-AD68-D7F3E7062EB9}.Release|x64.ActiveCfg = Release|x64
		{16BA17A5-1F1A-4A66-AD68-D7F3E7062EB9}.Release|x64.Build.0 = Release|x64
		{16BA17A5-1F1A-4A66-AD68-D7F3E7062EB9}.Release|x86.ActiveCfg = Release|Win32
		{16BA17A5-1F1A-4A66-AD68-D7F3E7062EB9}.Release|x86.Build.0 = Release|Win32
		{244084C5-CFD6-4D53-A763-488213497555}.Debug|x64.ActiveCfg = Debug|x64
		{244084C5-CFD6-4D53-A763-488213497555}.Debug|x64.Build.0 = Debug|x64
		{244084C5-CFD6-4D53-A763-488213497555}.Debug|x86.ActiveCfg = Debug|Win32
		{244084C5-CFD6-4D53-A763-488213497555}.Debug|x86.Build.0 = Debug|Win32
		{244084C5-CFD6-4D53-A763-488213497555}.Release|x64.ActiveCfg = Release|x64
		{244084C5-CFD6-4D53-A763-488213497555}.Release|x64.Build.0 = Release|x64
		{244084C5-CFD6-4D53-A763-488213497555}.Release|x86.ActiveCfg = Release|Win32
		{244084C5-CFD6-4D53-A763-488213497555}.Release|x86.Build.0 = Release|Win32
		{5E2DF984-6166-4EDB-89C2-6D9D7B47D34A}.Debug|x64.ActiveCfg = Debug|x64
		{5E2DF984-6166-4EDB-89C2-6D9D7B47D34A}.Debug|x64.Build.0 = Debug|x64
		{5E2DF984-6166-4EDB-89C2-6D9D7B47D34A}.Debug|x86.ActiveCfg = Debug|Win32
		{5E2DF984-6166-4EDB-89C2-6D9D7B47D34A}.Debug|x86.Build.0 = Debug|Win32
		{5E2DF984-6166-4EDB-89C2-6D9D7B47D34A}.Release|x64.ActiveCfg = Release|x64
		{5E2DF984-6166-4EDB-89C2-6D9D7B47D34A}.Release|x64.Build.0 = Release|x64
		{5E2DF984-6166-4EDB-89C2-6D9D7B47D34A}.Release|x86.ActiveCfg = Release|Win32
		{5E2DF984-6166-4EDB-89C2-6D9D7B47D34A}.Release|x86.Build.0 = Release|Win32
		{CB0BA0E2-C7A6-4FF6-8E9F-5999C9EE4D77}.Debug|x64.ActiveCfg = Debug|x64
		{CB0BA0E2-C7A6-4FF6-8E9F-5999C9EE4D77}.Debug|x64.Build.0 = Debug|x64
		{CB0BA0E2-C7A6-4FF6-8E9F-5999C9EE4D77}.Debug|x86.ActiveCfg = Debug|Win32
		{CB0BA0E2-C7A6-4FF6-8E9F-5999C9EE4D77}.Debug|x86.Build.0 = Debug|Win32
		{CB0BA0E2-C7A6-4FF6-8E9F-5999C9EE4D77}.Release|x64.ActiveCfg = Release|x64
		{CB0BA0E2-C7A6-4FF6-8E9F-5999C9EE4D77}.Release|x64.Build.0 = Release|x64
		{CB0BA0E2-C7A6-4FF6-8E9F-5999C9EE4D77}.Release|x86.ActiveCfg = Release|Win32
		{CB0BA0E2-C7A6-4FF6-8E9F-5999C9EE4D77}.Release|x86.Build.0 = Release|Win32
		{1E69FFD1-6AED-43A3-9685-696536958BC4}.Debug|x64.ActiveCfg = Debug|x64
		{1E69FFD1-6AED-43A3-9685-696536958BC4}.Debug|x64.Build.0 = Debug|x64
		{1E69FFD1-6AED-43A3-9685-696536958BC4}.Debug|x86.ActiveCfg = Debug|Win32
		{1E69FFD1-6AED-43A3-9685-696536958BC4}.Debug|x86.Build.0 = Debug|Win32
		{1E69FFD1-6AED-43A3-9685-696536958BC4}.Release|x64.ActiveCfg = Release|x64
		{1E69FFD1-6AED-43A3-9685-696536958BC4}.Release|x64.Build.0 = Release|x64
		{1E69FFD1-6AED-43A3-9685-696536958BC4}.Release|x86.ActiveCfg = Release|Win32
		{1E69FFD1-6AED-43A3-9685-696536958BC4}.Release|x86.Build.0 = Release|Win32
		{33DFA4F3-ECCB-428A-954E-43249E413A42}.Debug|x64.ActiveCfg = Debug|x64
		{33DFA4F3-ECCB-428A-954E-43249E413A42}.Debug|x64.Build.0 = Debug|x64
		{33DFA4F3-ECCB-428A-954E-43249E413A42}.Debug|x86.ActiveCfg = Debug|Win32
		{33DFA4F3-ECCB-428A-954E-43249E413A42}.Debug|x86.Build.0 = Debug|Win32
		{33DFA4F3-ECCB-428A-954E-43249E413A42}.Release|x64.ActiveCfg = Release|x64
		{33DFA4F3-ECCB-428A-954E-43249E413A42}.Release|x64.Build.0 = Release|x64
		{33DFA4F3-ECCB-428A-954E-43249E413A42}.Release|x86.ActiveCfg = Release|Win32
		{33DFA4F3-ECCB-428A-954E-43249E413A42}.Release|x86.Build.0 = Release|Win32
		{310CA5B0-9F10-4912-96F0-5651D424F001}.Debug|x64.ActiveCfg = Debug|x64
		{310CA5B0-9F10-4912-96F0-5651D424F001}.Debug|x64.Build.0 = Debug|x64
		{310CA5B0-9F10-4912-96F0-5651D424F001}.Debug|x86.ActiveCfg = Debug|Win32
		{310CA5B0-9F10-4912-96F0-5651D424F001}.Debug|x86.Build.0 = Debug|Win32
		{310CA5B0-9F10-4912-96F0-5651D424F001}.Release|x64.ActiveCfg = Release|x64
		{310CA5B0-9F10-4912-96F0-5651D424F001}.Release|x64.Build.0 = Release|x64
		{310CA5B0-9F10-4912-96F0-5651D424F001}.Release|x86.ActiveCfg = Release|Win32
		{310CA5B0-9F10-4912-96F0-5651D424F001}.Release|x86.Build.0 = Release|Win32
		{00670587-C97F-420B-B8B8-714D24A9CF83}.Debug|x64.ActiveCfg = Debug|x64
		{00670587-C97F-420B-B8B8-714D24A9CF83}.Debug|x64.Build.0 = Debug|x64
		{00670587-C97F-420B-B8B8-714D24A9CF83}.Debug|x86.ActiveCfg = Debug|Win32
		{00670587-C97F-420B-B8B8-714D24A9CF83}.Debug|x86.Build.0 = Debug|Win32
		{00670587-C97F-420B-B8B8-714D24A9CF83}.Release|x64.ActiveCfg = Release|x64
		{00670587-C97F-420B-B8B8-714D24A9CF83}.Release|x64.Build.0 = Release|x64
		{00670587-C97F-420B-B8B8-714D24A9CF83}.Release|x86.ActiveCfg = Release|Win32
		{00670587-C97F-420B-B8B8-714D24A9CF83}.Release|x86.Build.0 = Release|Win32
		{06718271-BCE0-49A2-A50F-729CDFCA72E9}.Debug|x64.ActiveCfg = Debug|x64
		{06718271-BCE0-49A2-A50F-729CDFCA72E9}.Debug|x64.Build.0 = Debug|x64
		{06718271-BCE0-49A2-A50F-729CDFCA72E9}.Debug|x86.ActiveCfg = Debug|Win32
		{06718271-BCE0-49A2-A50F-729CDFCA72E9}.Debug|x86.Build.0 = Debug|Win32
		{06718271-BCE0-49A2-A50F-729CDFCA72E9}.Release|x64.ActiveCfg = Release|x64
		{06718271-BCE0-49A2-A50F-729CDFCA72E9}.Release|x64.Build.0 = Release|x64
		{06718271-BCE0-49A2-A50F-729CDFCA72E9}.Release|x86.ActiveCfg = Release|Win32
		{06718271-BCE0-49A2-A50F-729CDFCA72E9}.Release|x86.Build.0 = Release|Win32
		{9746BC25-4285-4C04-AA3F-FCCAB87C62B3}.Debug|x64.ActiveCfg = Debug|x64
		{9746BC25-4285-4C04-AA3F-FCCAB87C62B3}.Debug|x64.Build.0 = Debug|x64
		{9746BC25-4285-4C04-AA3F-FCCAB87C62B3}.Debug|x86.ActiveCfg = Debug|Win32
		{9746BC25-4285-4C04-AA3F-FCCAB87C62B3}.Debug|x86.Build.0 = Debug|Win32
		{9746BC25-4285-4C04-AA3F-FCCAB87C62B3}.Release|x64.ActiveCfg = Release|x64
		{9746BC25-4285-4C04-AA3F-FCCAB87C62B3}.Release|x64.Build.0 = Release|x64
		{9746BC25-4285-4C04-AA3F-FCCAB87C62B3}.Release|x86.ActiveCfg = Release|Win32
		{9746BC25-4285-4C04-AA3F-FCCAB87C62B3}.Release|x86.Build.0 = Release|Win32
		{9032E1F5-8F1A-4561-B0AB-D13FBCC09CB7}.Debug|x64.ActiveCfg = Debug|x64
		{9032E1F5-8F1A-4561-B0AB-D13FBCC09CB7}.Debug|x64.Build.0 = Debug|x64
		{9032E1F5-8F1A-4561-B0AB-D13FBCC09CB7}.Debug|x86.ActiveCfg = Debug|Win32
		{9032E1F5-8F1A-4561-B0AB-D13FBCC09CB7}.Debug|x86.Build.0 = Debug|Win32
		{9032E1F5-8F1A-4561-B0AB-D13FBCC09CB7}.Release|x64.ActiveCfg = Release|x64
		{9032E1F5-8F1A-4561-B0AB-D13FBCC09CB7}.Release|x64.Build.0 = Release|x64
		{9032E1F5-8F1A-4561-B0AB-D13FBCC09CB7}.Release|x86.ActiveCfg = Release|Win32
		{9032E1F5-8F1A-4561-B0AB-D13FBCC09CB7}.Release|x86.Build.0 = Release|Win32
	EndGlobalSection
	GlobalSection(SolutionProperties) = preSolution
		HideSolutionNode = FALSE
	EndGlobalSection
	GlobalSection(ExtensibilityGlobals) = postSolution
		SolutionGuid = {B9529786-3C4D-4BDC-998B-05892C0CCA9F}
	EndGlobalSection
EndGlobal
